// !$*UTF8*$!
{
	archiveVersion = 1;
	classes = {
	};
	objectVersion = 55;
	objects = {

/* Begin PBXBuildFile section */
		7D6D5761296F060D00206576 /* AppDelegate.swift in Sources */ = {isa = PBXBuildFile; fileRef = 7D6D5760296F060D00206576 /* AppDelegate.swift */; };
		7D6D5763296F060D00206576 /* SceneDelegate.swift in Sources */ = {isa = PBXBuildFile; fileRef = 7D6D5762296F060D00206576 /* SceneDelegate.swift */; };
		7D6D5765296F060D00206576 /* ViewController.swift in Sources */ = {isa = PBXBuildFile; fileRef = 7D6D5764296F060D00206576 /* ViewController.swift */; };
		7D6D5768296F060D00206576 /* Main.storyboard in Resources */ = {isa = PBXBuildFile; fileRef = 7D6D5766296F060D00206576 /* Main.storyboard */; };
		7D6D576A296F060E00206576 /* Assets.xcassets in Resources */ = {isa = PBXBuildFile; fileRef = 7D6D5769296F060E00206576 /* Assets.xcassets */; };
		7D6D576D296F060E00206576 /* LaunchScreen.storyboard in Resources */ = {isa = PBXBuildFile; fileRef = 7D6D576B296F060E00206576 /* LaunchScreen.storyboard */; };
		7D6D5775296F092500206576 /* GoogleService-Info.plist in Resources */ = {isa = PBXBuildFile; fileRef = 7D6D5774296F092500206576 /* GoogleService-Info.plist */; };
		9359EE919845DFDBC3EF9083 /* Pods_FirebaseBasic.framework in Frameworks */ = {isa = PBXBuildFile; fileRef = CA1890D608E10BEB422F90FC /* Pods_FirebaseBasic.framework */; };
/* End PBXBuildFile section */

/* Begin PBXFileReference section */
		44785F7FB19899AB64C7D270 /* Pods-FirebaseBasic.debug.xcconfig */ = {isa = PBXFileReference; includeInIndex = 1; lastKnownFileType = text.xcconfig; name = "Pods-FirebaseBasic.debug.xcconfig"; path = "Target Support Files/Pods-FirebaseBasic/Pods-FirebaseBasic.debug.xcconfig"; sourceTree = "<group>"; };
		764FAEE160EC9F6669AE3DB5 /* Pods-FirebaseBasic.release.xcconfig */ = {isa = PBXFileReference; includeInIndex = 1; lastKnownFileType = text.xcconfig; name = "Pods-FirebaseBasic.release.xcconfig"; path = "Target Support Files/Pods-FirebaseBasic/Pods-FirebaseBasic.release.xcconfig"; sourceTree = "<group>"; };
		7D6D575D296F060D00206576 /* FirebaseBasic.app */ = {isa = PBXFileReference; explicitFileType = wrapper.application; includeInIndex = 0; path = FirebaseBasic.app; sourceTree = BUILT_PRODUCTS_DIR; };
		7D6D5760296F060D00206576 /* AppDelegate.swift */ = {isa = PBXFileReference; lastKnownFileType = sourcecode.swift; path = AppDelegate.swift; sourceTree = "<group>"; };
		7D6D5762296F060D00206576 /* SceneDelegate.swift */ = {isa = PBXFileReference; lastKnownFileType = sourcecode.swift; path = SceneDelegate.swift; sourceTree = "<group>"; };
		7D6D5764296F060D00206576 /* ViewController.swift */ = {isa = PBXFileReference; lastKnownFileType = sourcecode.swift; path = ViewController.swift; sourceTree = "<group>"; };
		7D6D5767296F060D00206576 /* Base */ = {isa = PBXFileReference; lastKnownFileType = file.storyboard; name = Base; path = Base.lproj/Main.storyboard; sourceTree = "<group>"; };
		7D6D5769296F060E00206576 /* Assets.xcassets */ = {isa = PBXFileReference; lastKnownFileType = folder.assetcatalog; path = Assets.xcassets; sourceTree = "<group>"; };
		7D6D576C296F060E00206576 /* Base */ = {isa = PBXFileReference; lastKnownFileType = file.storyboard; name = Base; path = Base.lproj/LaunchScreen.storyboard; sourceTree = "<group>"; };
		7D6D576E296F060E00206576 /* Info.plist */ = {isa = PBXFileReference; lastKnownFileType = text.plist.xml; path = Info.plist; sourceTree = "<group>"; };
		7D6D5774296F092500206576 /* GoogleService-Info.plist */ = {isa = PBXFileReference; fileEncoding = 4; lastKnownFileType = text.plist.xml; path = "GoogleService-Info.plist"; sourceTree = "<group>"; };
		CA1890D608E10BEB422F90FC /* Pods_FirebaseBasic.framework */ = {isa = PBXFileReference; explicitFileType = wrapper.framework; includeInIndex = 0; path = Pods_FirebaseBasic.framework; sourceTree = BUILT_PRODUCTS_DIR; };
/* End PBXFileReference section */

/* Begin PBXFrameworksBuildPhase section */
		7D6D575A296F060D00206576 /* Frameworks */ = {
			isa = PBXFrameworksBuildPhase;
			buildActionMask = 2147483647;
			files = (
				9359EE919845DFDBC3EF9083 /* Pods_FirebaseBasic.framework in Frameworks */,
			);
			runOnlyForDeploymentPostprocessing = 0;
		};
/* End PBXFrameworksBuildPhase section */

/* Begin PBXGroup section */
		0CC68A64903A5959C0976B2A /* Pods */ = {
			isa = PBXGroup;
			children = (
				44785F7FB19899AB64C7D270 /* Pods-FirebaseBasic.debug.xcconfig */,
				764FAEE160EC9F6669AE3DB5 /* Pods-FirebaseBasic.release.xcconfig */,
			);
			path = Pods;
			sourceTree = "<group>";
		};
		1C3D7E3E0FA166B6C5964121 /* Frameworks */ = {
			isa = PBXGroup;
			children = (
				CA1890D608E10BEB422F90FC /* Pods_FirebaseBasic.framework */,
			);
			name = Frameworks;
			sourceTree = "<group>";
		};
		7D6D5754296F060D00206576 = {
			isa = PBXGroup;
			children = (
				7D6D575F296F060D00206576 /* FirebaseBasic */,
				7D6D575E296F060D00206576 /* Products */,
				0CC68A64903A5959C0976B2A /* Pods */,
				1C3D7E3E0FA166B6C5964121 /* Frameworks */,
			);
			sourceTree = "<group>";
		};
		7D6D575E296F060D00206576 /* Products */ = {
			isa = PBXGroup;
			children = (
				7D6D575D296F060D00206576 /* FirebaseBasic.app */,
			);
			name = Products;
			sourceTree = "<group>";
		};
		7D6D575F296F060D00206576 /* FirebaseBasic */ = {
			isa = PBXGroup;
			children = (
				7D6D5760296F060D00206576 /* AppDelegate.swift */,
				7D6D5762296F060D00206576 /* SceneDelegate.swift */,
				7D6D5764296F060D00206576 /* ViewController.swift */,
				7D6D5766296F060D00206576 /* Main.storyboard */,
				7D6D5769296F060E00206576 /* Assets.xcassets */,
				7D6D576B296F060E00206576 /* LaunchScreen.storyboard */,
				7D6D576E296F060E00206576 /* Info.plist */,
				7D6D5774296F092500206576 /* GoogleService-Info.plist */,
			);
			path = FirebaseBasic;
			sourceTree = "<group>";
		};
/* End PBXGroup section */

/* Begin PBXNativeTarget section */
		7D6D575C296F060D00206576 /* FirebaseBasic */ = {
			isa = PBXNativeTarget;
			buildConfigurationList = 7D6D5771296F060E00206576 /* Build configuration list for PBXNativeTarget "FirebaseBasic" */;
			buildPhases = (
				B0A04FAACA8C3644165FD49F /* [CP] Check Pods Manifest.lock */,
				7D6D5759296F060D00206576 /* Sources */,
				7D6D575A296F060D00206576 /* Frameworks */,
				7D6D575B296F060D00206576 /* Resources */,
				B25A78DFE29305CB940429ED /* [CP] Embed Pods Frameworks */,
			);
			buildRules = (
			);
			dependencies = (
			);
			name = FirebaseBasic;
			productName = FirebaseBasic;
			productReference = 7D6D575D296F060D00206576 /* FirebaseBasic.app */;
			productType = "com.apple.product-type.application";
		};
/* End PBXNativeTarget section */

/* Begin PBXProject section */
		7D6D5755296F060D00206576 /* Project object */ = {
			isa = PBXProject;
			attributes = {
				BuildIndependentTargetsInParallel = 1;
				LastSwiftUpdateCheck = 1340;
				LastUpgradeCheck = 1340;
				TargetAttributes = {
					7D6D575C296F060D00206576 = {
						CreatedOnToolsVersion = 13.4.1;
					};
				};
			};
			buildConfigurationList = 7D6D5758296F060D00206576 /* Build configuration list for PBXProject "FirebaseBasic" */;
			compatibilityVersion = "Xcode 13.0";
			developmentRegion = en;
			hasScannedForEncodings = 0;
			knownRegions = (
				en,
				Base,
			);
			mainGroup = 7D6D5754296F060D00206576;
			productRefGroup = 7D6D575E296F060D00206576 /* Products */;
			projectDirPath = "";
			projectRoot = "";
			targets = (
				7D6D575C296F060D00206576 /* FirebaseBasic */,
			);
		};
/* End PBXProject section */

/* Begin PBXResourcesBuildPhase section */
		7D6D575B296F060D00206576 /* Resources */ = {
			isa = PBXResourcesBuildPhase;
			buildActionMask = 2147483647;
			files = (
				7D6D576D296F060E00206576 /* LaunchScreen.storyboard in Resources */,
				7D6D5775296F092500206576 /* GoogleService-Info.plist in Resources */,
				7D6D576A296F060E00206576 /* Assets.xcassets in Resources */,
				7D6D5768296F060D00206576 /* Main.storyboard in Resources */,
			);
			runOnlyForDeploymentPostprocessing = 0;
		};
/* End PBXResourcesBuildPhase section */

/* Begin PBXShellScriptBuildPhase section */
		B0A04FAACA8C3644165FD49F /* [CP] Check Pods Manifest.lock */ = {
			isa = PBXShellScriptBuildPhase;
			buildActionMask = 2147483647;
			files = (
			);
			inputFileListPaths = (
			);
			inputPaths = (
				"${PODS_PODFILE_DIR_PATH}/Podfile.lock",
				"${PODS_ROOT}/Manifest.lock",
			);
			name = "[CP] Check Pods Manifest.lock";
			outputFileListPaths = (
			);
			outputPaths = (
				"$(DERIVED_FILE_DIR)/Pods-FirebaseBasic-checkManifestLockResult.txt",
			);
			runOnlyForDeploymentPostprocessing = 0;
			shellPath = /bin/sh;
			shellScript = "diff \"${PODS_PODFILE_DIR_PATH}/Podfile.lock\" \"${PODS_ROOT}/Manifest.lock\" > /dev/null\nif [ $? != 0 ] ; then\n    # print error to STDERR\n    echo \"error: The sandbox is not in sync with the Podfile.lock. Run 'pod install' or update your CocoaPods installation.\" >&2\n    exit 1\nfi\n# This output is used by Xcode 'outputs' to avoid re-running this script phase.\necho \"SUCCESS\" > \"${SCRIPT_OUTPUT_FILE_0}\"\n";
			showEnvVarsInLog = 0;
		};
		B25A78DFE29305CB940429ED /* [CP] Embed Pods Frameworks */ = {
			isa = PBXShellScriptBuildPhase;
			buildActionMask = 2147483647;
			files = (
			);
			inputFileListPaths = (
				"${PODS_ROOT}/Target Support Files/Pods-FirebaseBasic/Pods-FirebaseBasic-frameworks-${CONFIGURATION}-input-files.xcfilelist",
			);
			name = "[CP] Embed Pods Frameworks";
			outputFileListPaths = (
				"${PODS_ROOT}/Target Support Files/Pods-FirebaseBasic/Pods-FirebaseBasic-frameworks-${CONFIGURATION}-output-files.xcfilelist",
			);
			runOnlyForDeploymentPostprocessing = 0;
			shellPath = /bin/sh;
			shellScript = "\"${PODS_ROOT}/Target Support Files/Pods-FirebaseBasic/Pods-FirebaseBasic-frameworks.sh\"\n";
			showEnvVarsInLog = 0;
		};
/* End PBXShellScriptBuildPhase section */

/* Begin PBXSourcesBuildPhase section */
		7D6D5759296F060D00206576 /* Sources */ = {
			isa = PBXSourcesBuildPhase;
			buildActionMask = 2147483647;
			files = (
				7D6D5765296F060D00206576 /* ViewController.swift in Sources */,
				7D6D5761296F060D00206576 /* AppDelegate.swift in Sources */,
				7D6D5763296F060D00206576 /* SceneDelegate.swift in Sources */,
			);
			runOnlyForDeploymentPostprocessing = 0;
		};
/* End PBXSourcesBuildPhase section */

/* Begin PBXVariantGroup section */
		7D6D5766296F060D00206576 /* Main.storyboard */ = {
			isa = PBXVariantGroup;
			children = (
				7D6D5767296F060D00206576 /* Base */,
			);
			name = Main.storyboard;
			sourceTree = "<group>";
		};
		7D6D576B296F060E00206576 /* LaunchScreen.storyboard */ = {
			isa = PBXVariantGroup;
			children = (
				7D6D576C296F060E00206576 /* Base */,
			);
			name = LaunchScreen.storyboard;
			sourceTree = "<group>";
		};
/* End PBXVariantGroup section */

/* Begin XCBuildConfiguration section */
		7D6D576F296F060E00206576 /* Debug */ = {
			isa = XCBuildConfiguration;
			buildSettings = {
				ALWAYS_SEARCH_USER_PATHS = NO;
				CLANG_ANALYZER_NONNULL = YES;
				CLANG_ANALYZER_NUMBER_OBJECT_CONVERSION = YES_AGGRESSIVE;
				CLANG_CXX_LANGUAGE_STANDARD = "gnu++17";
				CLANG_ENABLE_MODULES = YES;
				CLANG_ENABLE_OBJC_ARC = YES;
				CLANG_ENABLE_OBJC_WEAK = YES;
				CLANG_WARN_BLOCK_CAPTURE_AUTORELEASING = YES;
				CLANG_WARN_BOOL_CONVERSION = YES;
				CLANG_WARN_COMMA = YES;
				CLANG_WARN_CONSTANT_CONVERSION = YES;
				CLANG_WARN_DEPRECATED_OBJC_IMPLEMENTATIONS = YES;
				CLANG_WARN_DIRECT_OBJC_ISA_USAGE = YES_ERROR;
				CLANG_WARN_DOCUMENTATION_COMMENTS = YES;
				CLANG_WARN_EMPTY_BODY = YES;
				CLANG_WARN_ENUM_CONVERSION = YES;
				CLANG_WARN_INFINITE_RECURSION = YES;
				CLANG_WARN_INT_CONVERSION = YES;
				CLANG_WARN_NON_LITERAL_NULL_CONVERSION = YES;
				CLANG_WARN_OBJC_IMPLICIT_RETAIN_SELF = YES;
				CLANG_WARN_OBJC_LITERAL_CONVERSION = YES;
				CLANG_WARN_OBJC_ROOT_CLASS = YES_ERROR;
				CLANG_WARN_QUOTED_INCLUDE_IN_FRAMEWORK_HEADER = YES;
				CLANG_WARN_RANGE_LOOP_ANALYSIS = YES;
				CLANG_WARN_STRICT_PROTOTYPES = YES;
				CLANG_WARN_SUSPICIOUS_MOVE = YES;
				CLANG_WARN_UNGUARDED_AVAILABILITY = YES_AGGRESSIVE;
				CLANG_WARN_UNREACHABLE_CODE = YES;
				CLANG_WARN__DUPLICATE_METHOD_MATCH = YES;
				COPY_PHASE_STRIP = NO;
				DEBUG_INFORMATION_FORMAT = dwarf;
				ENABLE_STRICT_OBJC_MSGSEND = YES;
				ENABLE_TESTABILITY = YES;
				GCC_C_LANGUAGE_STANDARD = gnu11;
				GCC_DYNAMIC_NO_PIC = NO;
				GCC_NO_COMMON_BLOCKS = YES;
				GCC_OPTIMIZATION_LEVEL = 0;
				GCC_PREPROCESSOR_DEFINITIONS = (
					"DEBUG=1",
					"$(inherited)",
				);
				GCC_WARN_64_TO_32_BIT_CONVERSION = YES;
				GCC_WARN_ABOUT_RETURN_TYPE = YES_ERROR;
				GCC_WARN_UNDECLARED_SELECTOR = YES;
				GCC_WARN_UNINITIALIZED_AUTOS = YES_AGGRESSIVE;
				GCC_WARN_UNUSED_FUNCTION = YES;
				GCC_WARN_UNUSED_VARIABLE = YES;
				IPHONEOS_DEPLOYMENT_TARGET = 15.5;
				MTL_ENABLE_DEBUG_INFO = INCLUDE_SOURCE;
				MTL_FAST_MATH = YES;
				ONLY_ACTIVE_ARCH = YES;
				SDKROOT = iphoneos;
				SWIFT_ACTIVE_COMPILATION_CONDITIONS = DEBUG;
				SWIFT_OPTIMIZATION_LEVEL = "-Onone";
			};
			name = Debug;
		};
		7D6D5770296F060E00206576 /* Release */ = {
			isa = XCBuildConfiguration;
			buildSettings = {
				ALWAYS_SEARCH_USER_PATHS = NO;
				CLANG_ANALYZER_NONNULL = YES;
				CLANG_ANALYZER_NUMBER_OBJECT_CONVERSION = YES_AGGRESSIVE;
				CLANG_CXX_LANGUAGE_STANDARD = "gnu++17";
				CLANG_ENABLE_MODULES = YES;
				CLANG_ENABLE_OBJC_ARC = YES;
				CLANG_ENABLE_OBJC_WEAK = YES;
				CLANG_WARN_BLOCK_CAPTURE_AUTORELEASING = YES;
				CLANG_WARN_BOOL_CONVERSION = YES;
				CLANG_WARN_COMMA = YES;
				CLANG_WARN_CONSTANT_CONVERSION = YES;
				CLANG_WARN_DEPRECATED_OBJC_IMPLEMENTATIONS = YES;
				CLANG_WARN_DIRECT_OBJC_ISA_USAGE = YES_ERROR;
				CLANG_WARN_DOCUMENTATION_COMMENTS = YES;
				CLANG_WARN_EMPTY_BODY = YES;
				CLANG_WARN_ENUM_CONVERSION = YES;
				CLANG_WARN_INFINITE_RECURSION = YES;
				CLANG_WARN_INT_CONVERSION = YES;
				CLANG_WARN_NON_LITERAL_NULL_CONVERSION = YES;
				CLANG_WARN_OBJC_IMPLICIT_RETAIN_SELF = YES;
				CLANG_WARN_OBJC_LITERAL_CONVERSION = YES;
				CLANG_WARN_OBJC_ROOT_CLASS = YES_ERROR;
				CLANG_WARN_QUOTED_INCLUDE_IN_FRAMEWORK_HEADER = YES;
				CLANG_WARN_RANGE_LOOP_ANALYSIS = YES;
				CLANG_WARN_STRICT_PROTOTYPES = YES;
				CLANG_WARN_SUSPICIOUS_MOVE = YES;
				CLANG_WARN_UNGUARDED_AVAILABILITY = YES_AGGRESSIVE;
				CLANG_WARN_UNREACHABLE_CODE = YES;
				CLANG_WARN__DUPLICATE_METHOD_MATCH = YES;
				COPY_PHASE_STRIP = NO;
				DEBUG_INFORMATION_FORMAT = "dwarf-with-dsym";
				ENABLE_NS_ASSERTIONS = NO;
				ENABLE_STRICT_OBJC_MSGSEND = YES;
				GCC_C_LANGUAGE_STANDARD = gnu11;
				GCC_NO_COMMON_BLOCKS = YES;
				GCC_WARN_64_TO_32_BIT_CONVERSION = YES;
				GCC_WARN_ABOUT_RETURN_TYPE = YES_ERROR;
				GCC_WARN_UNDECLARED_SELECTOR = YES;
				GCC_WARN_UNINITIALIZED_AUTOS = YES_AGGRESSIVE;
				GCC_WARN_UNUSED_FUNCTION = YES;
				GCC_WARN_UNUSED_VARIABLE = YES;
				IPHONEOS_DEPLOYMENT_TARGET = 15.5;
				MTL_ENABLE_DEBUG_INFO = NO;
				MTL_FAST_MATH = YES;
				SDKROOT = iphoneos;
				SWIFT_COMPILATION_MODE = wholemodule;
				SWIFT_OPTIMIZATION_LEVEL = "-O";
				VALIDATE_PRODUCT = YES;
			};
			name = Release;
		};
		7D6D5772296F060E00206576 /* Debug */ = {
			isa = XCBuildConfiguration;
			baseConfigurationReference = 44785F7FB19899AB64C7D270 /* Pods-FirebaseBasic.debug.xcconfig */;
			buildSettings = {
				ASSETCATALOG_COMPILER_APPICON_NAME = AppIcon;
				ASSETCATALOG_COMPILER_GLOBAL_ACCENT_COLOR_NAME = AccentColor;
				CODE_SIGN_STYLE = Automatic;
				CURRENT_PROJECT_VERSION = 1;
				DEVELOPMENT_TEAM = ASM49GKW7Z;
				GENERATE_INFOPLIST_FILE = YES;
				INFOPLIST_FILE = FirebaseBasic/Info.plist;
				INFOPLIST_KEY_UIApplicationSupportsIndirectInputEvents = YES;
				INFOPLIST_KEY_UILaunchStoryboardName = LaunchScreen;
				INFOPLIST_KEY_UIMainStoryboardFile = Main;
				INFOPLIST_KEY_UISupportedInterfaceOrientations_iPad = "UIInterfaceOrientationPortrait UIInterfaceOrientationPortraitUpsideDown UIInterfaceOrientationLandscapeLeft UIInterfaceOrientationLandscapeRight";
				INFOPLIST_KEY_UISupportedInterfaceOrientations_iPhone = "UIInterfaceOrientationPortrait UIInterfaceOrientationLandscapeLeft UIInterfaceOrientationLandscapeRight";
				LD_RUNPATH_SEARCH_PATHS = (
					"$(inherited)",
					"@executable_path/Frameworks",
				);
				MARKETING_VERSION = 1.0;
				PRODUCT_BUNDLE_IDENTIFIER = com.ju.FirebaseBasic;
				PRODUCT_NAME = "$(TARGET_NAME)";
				SWIFT_EMIT_LOC_STRINGS = YES;
				SWIFT_VERSION = 5.0;
				TARGETED_DEVICE_FAMILY = "1,2";
			};
			name = Debug;
		};
		7D6D5773296F060E00206576 /* Release */ = {
			isa = XCBuildConfiguration;
			baseConfigurationReference = 764FAEE160EC9F6669AE3DB5 /* Pods-FirebaseBasic.release.xcconfig */;
			buildSettings = {
				ASSETCATALOG_COMPILER_APPICON_NAME = AppIcon;
				ASSETCATALOG_COMPILER_GLOBAL_ACCENT_COLOR_NAME = AccentColor;
				CODE_SIGN_STYLE = Automatic;
				CURRENT_PROJECT_VERSION = 1;
				DEVELOPMENT_TEAM = ASM49GKW7Z;
				GENERATE_INFOPLIST_FILE = YES;
				INFOPLIST_FILE = FirebaseBasic/Info.plist;
				INFOPLIST_KEY_UIApplicationSupportsIndirectInputEvents = YES;
				INFOPLIST_KEY_UILaunchStoryboardName = LaunchScreen;
				INFOPLIST_KEY_UIMainStoryboardFile = Main;
				INFOPLIST_KEY_UISupportedInterfaceOrientations_iPad = "UIInterfaceOrientationPortrait UIInterfaceOrientationPortraitUpsideDown UIInterfaceOrientationLandscapeLeft UIInterfaceOrientationLandscapeRight";
				INFOPLIST_KEY_UISupportedInterfaceOrientations_iPhone = "UIInterfaceOrientationPortrait UIInterfaceOrientationLandscapeLeft UIInterfaceOrientationLandscapeRight";
				LD_RUNPATH_SEARCH_PATHS = (
					"$(inherited)",
					"@executable_path/Frameworks",
				);
				MARKETING_VERSION = 1.0;
				PRODUCT_BUNDLE_IDENTIFIER = com.ju.FirebaseBasic;
				PRODUCT_NAME = "$(TARGET_NAME)";
				SWIFT_EMIT_LOC_STRINGS = YES;
				SWIFT_VERSION = 5.0;
				TARGETED_DEVICE_FAMILY = "1,2";
			};
			name = Release;
		};
/* End XCBuildConfiguration section */

/* Begin XCConfigurationList section */
		7D6D5758296F060D00206576 /* Build configuration list for PBXProject "FirebaseBasic" */ = {
			isa = XCConfigurationList;
			buildConfigurations = (
				7D6D576F296F060E00206576 /* Debug */,
				7D6D5770296F060E00206576 /* Release */,
			);
			defaultConfigurationIsVisible = 0;
			defaultConfigurationName = Release;
		};
		7D6D5771296F060E00206576 /* Build configuration list for PBXNativeTarget "FirebaseBasic" */ = {
			isa = XCConfigurationList;
			buildConfigurations = (
				7D6D5772296F060E00206576 /* Debug */,
				7D6D5773296F060E00206576 /* Release */,
			);
			defaultConfigurationIsVisible = 0;
			defaultConfigurationName = Release;
		};
/* End XCConfigurationList section */
	};
	rootObject = 7D6D5755296F060D00206576 /* Project object */;
}
