// !$*UTF8*$!
{
	archiveVersion = 1;
	classes = {
	};
	objectVersion = 55;
	objects = {

/* Begin PBXBuildFile section */
		6D274EC3504E83B22742A92B /* Pods_NavigationBarBasic.framework in Frameworks */ = {isa = PBXBuildFile; fileRef = 77C35EF37D2F7AC5F6840B37 /* Pods_NavigationBarBasic.framework */; };
		7D14AAE629756686004B9ED4 /* AppDelegate.swift in Sources */ = {isa = PBXBuildFile; fileRef = 7D14AAE529756686004B9ED4 /* AppDelegate.swift */; };
		7D14AAE829756686004B9ED4 /* SceneDelegate.swift in Sources */ = {isa = PBXBuildFile; fileRef = 7D14AAE729756686004B9ED4 /* SceneDelegate.swift */; };
		7D14AAEA29756686004B9ED4 /* ViewController.swift in Sources */ = {isa = PBXBuildFile; fileRef = 7D14AAE929756686004B9ED4 /* ViewController.swift */; };
		7D14AAED29756686004B9ED4 /* Main.storyboard in Resources */ = {isa = PBXBuildFile; fileRef = 7D14AAEB29756686004B9ED4 /* Main.storyboard */; };
		7D14AAEF29756687004B9ED4 /* Assets.xcassets in Resources */ = {isa = PBXBuildFile; fileRef = 7D14AAEE29756687004B9ED4 /* Assets.xcassets */; };
		7D14AAF229756687004B9ED4 /* LaunchScreen.storyboard in Resources */ = {isa = PBXBuildFile; fileRef = 7D14AAF029756687004B9ED4 /* LaunchScreen.storyboard */; };
		7D14AAFA29756922004B9ED4 /* SecondViewController.swift in Sources */ = {isa = PBXBuildFile; fileRef = 7D14AAF929756922004B9ED4 /* SecondViewController.swift */; };
/* End PBXBuildFile section */

/* Begin PBXFileReference section */
		28B84DDBBDDB97610C051F6A /* Pods-NavigationBarBasic.release.xcconfig */ = {isa = PBXFileReference; includeInIndex = 1; lastKnownFileType = text.xcconfig; name = "Pods-NavigationBarBasic.release.xcconfig"; path = "Target Support Files/Pods-NavigationBarBasic/Pods-NavigationBarBasic.release.xcconfig"; sourceTree = "<group>"; };
		77C35EF37D2F7AC5F6840B37 /* Pods_NavigationBarBasic.framework */ = {isa = PBXFileReference; explicitFileType = wrapper.framework; includeInIndex = 0; path = Pods_NavigationBarBasic.framework; sourceTree = BUILT_PRODUCTS_DIR; };
		7D14AAE229756686004B9ED4 /* NavigationBarBasic.app */ = {isa = PBXFileReference; explicitFileType = wrapper.application; includeInIndex = 0; path = NavigationBarBasic.app; sourceTree = BUILT_PRODUCTS_DIR; };
		7D14AAE529756686004B9ED4 /* AppDelegate.swift */ = {isa = PBXFileReference; lastKnownFileType = sourcecode.swift; path = AppDelegate.swift; sourceTree = "<group>"; };
		7D14AAE729756686004B9ED4 /* SceneDelegate.swift */ = {isa = PBXFileReference; lastKnownFileType = sourcecode.swift; path = SceneDelegate.swift; sourceTree = "<group>"; };
		7D14AAE929756686004B9ED4 /* ViewController.swift */ = {isa = PBXFileReference; lastKnownFileType = sourcecode.swift; path = ViewController.swift; sourceTree = "<group>"; };
		7D14AAEC29756686004B9ED4 /* Base */ = {isa = PBXFileReference; lastKnownFileType = file.storyboard; name = Base; path = Base.lproj/Main.storyboard; sourceTree = "<group>"; };
		7D14AAEE29756687004B9ED4 /* Assets.xcassets */ = {isa = PBXFileReference; lastKnownFileType = folder.assetcatalog; path = Assets.xcassets; sourceTree = "<group>"; };
		7D14AAF129756687004B9ED4 /* Base */ = {isa = PBXFileReference; lastKnownFileType = file.storyboard; name = Base; path = Base.lproj/LaunchScreen.storyboard; sourceTree = "<group>"; };
		7D14AAF329756687004B9ED4 /* Info.plist */ = {isa = PBXFileReference; lastKnownFileType = text.plist.xml; path = Info.plist; sourceTree = "<group>"; };
		7D14AAF929756922004B9ED4 /* SecondViewController.swift */ = {isa = PBXFileReference; lastKnownFileType = sourcecode.swift; path = SecondViewController.swift; sourceTree = "<group>"; };
		A483ACF76C4D2F97F06BC8AD /* Pods-NavigationBarBasic.debug.xcconfig */ = {isa = PBXFileReference; includeInIndex = 1; lastKnownFileType = text.xcconfig; name = "Pods-NavigationBarBasic.debug.xcconfig"; path = "Target Support Files/Pods-NavigationBarBasic/Pods-NavigationBarBasic.debug.xcconfig"; sourceTree = "<group>"; };
/* End PBXFileReference section */

/* Begin PBXFrameworksBuildPhase section */
		7D14AADF29756686004B9ED4 /* Frameworks */ = {
			isa = PBXFrameworksBuildPhase;
			buildActionMask = 2147483647;
			files = (
				6D274EC3504E83B22742A92B /* Pods_NavigationBarBasic.framework in Frameworks */,
			);
			runOnlyForDeploymentPostprocessing = 0;
		};
/* End PBXFrameworksBuildPhase section */

/* Begin PBXGroup section */
		1B0605E0F642630AC3F0921F /* Pods */ = {
			isa = PBXGroup;
			children = (
				A483ACF76C4D2F97F06BC8AD /* Pods-NavigationBarBasic.debug.xcconfig */,
				28B84DDBBDDB97610C051F6A /* Pods-NavigationBarBasic.release.xcconfig */,
			);
			path = Pods;
			sourceTree = "<group>";
		};
		7D14AAD929756686004B9ED4 = {
			isa = PBXGroup;
			children = (
				7D14AAE429756686004B9ED4 /* NavigationBarBasic */,
				7D14AAE329756686004B9ED4 /* Products */,
				1B0605E0F642630AC3F0921F /* Pods */,
				D490EB5171E81FB0CEBCA35E /* Frameworks */,
			);
			sourceTree = "<group>";
		};
		7D14AAE329756686004B9ED4 /* Products */ = {
			isa = PBXGroup;
			children = (
				7D14AAE229756686004B9ED4 /* NavigationBarBasic.app */,
			);
			name = Products;
			sourceTree = "<group>";
		};
		7D14AAE429756686004B9ED4 /* NavigationBarBasic */ = {
			isa = PBXGroup;
			children = (
				7D14AAE529756686004B9ED4 /* AppDelegate.swift */,
				7D14AAE729756686004B9ED4 /* SceneDelegate.swift */,
				7D14AAE929756686004B9ED4 /* ViewController.swift */,
				7D14AAEB29756686004B9ED4 /* Main.storyboard */,
				7D14AAEE29756687004B9ED4 /* Assets.xcassets */,
				7D14AAF029756687004B9ED4 /* LaunchScreen.storyboard */,
				7D14AAF329756687004B9ED4 /* Info.plist */,
				7D14AAF929756922004B9ED4 /* SecondViewController.swift */,
			);
			path = NavigationBarBasic;
			sourceTree = "<group>";
		};
		D490EB5171E81FB0CEBCA35E /* Frameworks */ = {
			isa = PBXGroup;
			children = (
				77C35EF37D2F7AC5F6840B37 /* Pods_NavigationBarBasic.framework */,
			);
			name = Frameworks;
			sourceTree = "<group>";
		};
/* End PBXGroup section */

/* Begin PBXNativeTarget section */
		7D14AAE129756686004B9ED4 /* NavigationBarBasic */ = {
			isa = PBXNativeTarget;
			buildConfigurationList = 7D14AAF629756687004B9ED4 /* Build configuration list for PBXNativeTarget "NavigationBarBasic" */;
			buildPhases = (
				05839DCAC2017285912474FD /* [CP] Check Pods Manifest.lock */,
				7D14AADE29756686004B9ED4 /* Sources */,
				7D14AADF29756686004B9ED4 /* Frameworks */,
				7D14AAE029756686004B9ED4 /* Resources */,
			);
			buildRules = (
			);
			dependencies = (
			);
			name = NavigationBarBasic;
			productName = NavigationBarBasic;
			productReference = 7D14AAE229756686004B9ED4 /* NavigationBarBasic.app */;
			productType = "com.apple.product-type.application";
		};
/* End PBXNativeTarget section */

/* Begin PBXProject section */
		7D14AADA29756686004B9ED4 /* Project object */ = {
			isa = PBXProject;
			attributes = {
				BuildIndependentTargetsInParallel = 1;
				LastSwiftUpdateCheck = 1340;
				LastUpgradeCheck = 1340;
				TargetAttributes = {
					7D14AAE129756686004B9ED4 = {
						CreatedOnToolsVersion = 13.4.1;
					};
				};
			};
			buildConfigurationList = 7D14AADD29756686004B9ED4 /* Build configuration list for PBXProject "NavigationBarBasic" */;
			compatibilityVersion = "Xcode 13.0";
			developmentRegion = en;
			hasScannedForEncodings = 0;
			knownRegions = (
				en,
				Base,
			);
			mainGroup = 7D14AAD929756686004B9ED4;
			productRefGroup = 7D14AAE329756686004B9ED4 /* Products */;
			projectDirPath = "";
			projectRoot = "";
			targets = (
				7D14AAE129756686004B9ED4 /* NavigationBarBasic */,
			);
		};
/* End PBXProject section */

/* Begin PBXResourcesBuildPhase section */
		7D14AAE029756686004B9ED4 /* Resources */ = {
			isa = PBXResourcesBuildPhase;
			buildActionMask = 2147483647;
			files = (
				7D14AAF229756687004B9ED4 /* LaunchScreen.storyboard in Resources */,
				7D14AAEF29756687004B9ED4 /* Assets.xcassets in Resources */,
				7D14AAED29756686004B9ED4 /* Main.storyboard in Resources */,
			);
			runOnlyForDeploymentPostprocessing = 0;
		};
/* End PBXResourcesBuildPhase section */

/* Begin PBXShellScriptBuildPhase section */
		05839DCAC2017285912474FD /* [CP] Check Pods Manifest.lock */ = {
			isa = PBXShellScriptBuildPhase;
			buildActionMask = 2147483647;
			files = (
			);
			inputFileListPaths = (
			);
			inputPaths = (
				"${PODS_PODFILE_DIR_PATH}/Podfile.lock",
				"${PODS_ROOT}/Manifest.lock",
			);
			name = "[CP] Check Pods Manifest.lock";
			outputFileListPaths = (
			);
			outputPaths = (
				"$(DERIVED_FILE_DIR)/Pods-NavigationBarBasic-checkManifestLockResult.txt",
			);
			runOnlyForDeploymentPostprocessing = 0;
			shellPath = /bin/sh;
			shellScript = "diff \"${PODS_PODFILE_DIR_PATH}/Podfile.lock\" \"${PODS_ROOT}/Manifest.lock\" > /dev/null\nif [ $? != 0 ] ; then\n    # print error to STDERR\n    echo \"error: The sandbox is not in sync with the Podfile.lock. Run 'pod install' or update your CocoaPods installation.\" >&2\n    exit 1\nfi\n# This output is used by Xcode 'outputs' to avoid re-running this script phase.\necho \"SUCCESS\" > \"${SCRIPT_OUTPUT_FILE_0}\"\n";
			showEnvVarsInLog = 0;
		};
/* End PBXShellScriptBuildPhase section */

/* Begin PBXSourcesBuildPhase section */
		7D14AADE29756686004B9ED4 /* Sources */ = {
			isa = PBXSourcesBuildPhase;
			buildActionMask = 2147483647;
			files = (
				7D14AAFA29756922004B9ED4 /* SecondViewController.swift in Sources */,
				7D14AAEA29756686004B9ED4 /* ViewController.swift in Sources */,
				7D14AAE629756686004B9ED4 /* AppDelegate.swift in Sources */,
				7D14AAE829756686004B9ED4 /* SceneDelegate.swift in Sources */,
			);
			runOnlyForDeploymentPostprocessing = 0;
		};
/* End PBXSourcesBuildPhase section */

/* Begin PBXVariantGroup section */
		7D14AAEB29756686004B9ED4 /* Main.storyboard */ = {
			isa = PBXVariantGroup;
			children = (
				7D14AAEC29756686004B9ED4 /* Base */,
			);
			name = Main.storyboard;
			sourceTree = "<group>";
		};
		7D14AAF029756687004B9ED4 /* LaunchScreen.storyboard */ = {
			isa = PBXVariantGroup;
			children = (
				7D14AAF129756687004B9ED4 /* Base */,
			);
			name = LaunchScreen.storyboard;
			sourceTree = "<group>";
		};
/* End PBXVariantGroup section */

/* Begin XCBuildConfiguration section */
		7D14AAF429756687004B9ED4 /* Debug */ = {
			isa = XCBuildConfiguration;
			buildSettings = {
				ALWAYS_SEARCH_USER_PATHS = NO;
				CLANG_ANALYZER_NONNULL = YES;
				CLANG_ANALYZER_NUMBER_OBJECT_CONVERSION = YES_AGGRESSIVE;
				CLANG_CXX_LANGUAGE_STANDARD = "gnu++17";
				CLANG_ENABLE_MODULES = YES;
				CLANG_ENABLE_OBJC_ARC = YES;
				CLANG_ENABLE_OBJC_WEAK = YES;
				CLANG_WARN_BLOCK_CAPTURE_AUTORELEASING = YES;
				CLANG_WARN_BOOL_CONVERSION = YES;
				CLANG_WARN_COMMA = YES;
				CLANG_WARN_CONSTANT_CONVERSION = YES;
				CLANG_WARN_DEPRECATED_OBJC_IMPLEMENTATIONS = YES;
				CLANG_WARN_DIRECT_OBJC_ISA_USAGE = YES_ERROR;
				CLANG_WARN_DOCUMENTATION_COMMENTS = YES;
				CLANG_WARN_EMPTY_BODY = YES;
				CLANG_WARN_ENUM_CONVERSION = YES;
				CLANG_WARN_INFINITE_RECURSION = YES;
				CLANG_WARN_INT_CONVERSION = YES;
				CLANG_WARN_NON_LITERAL_NULL_CONVERSION = YES;
				CLANG_WARN_OBJC_IMPLICIT_RETAIN_SELF = YES;
				CLANG_WARN_OBJC_LITERAL_CONVERSION = YES;
				CLANG_WARN_OBJC_ROOT_CLASS = YES_ERROR;
				CLANG_WARN_QUOTED_INCLUDE_IN_FRAMEWORK_HEADER = YES;
				CLANG_WARN_RANGE_LOOP_ANALYSIS = YES;
				CLANG_WARN_STRICT_PROTOTYPES = YES;
				CLANG_WARN_SUSPICIOUS_MOVE = YES;
				CLANG_WARN_UNGUARDED_AVAILABILITY = YES_AGGRESSIVE;
				CLANG_WARN_UNREACHABLE_CODE = YES;
				CLANG_WARN__DUPLICATE_METHOD_MATCH = YES;
				COPY_PHASE_STRIP = NO;
				DEBUG_INFORMATION_FORMAT = dwarf;
				ENABLE_STRICT_OBJC_MSGSEND = YES;
				ENABLE_TESTABILITY = YES;
				GCC_C_LANGUAGE_STANDARD = gnu11;
				GCC_DYNAMIC_NO_PIC = NO;
				GCC_NO_COMMON_BLOCKS = YES;
				GCC_OPTIMIZATION_LEVEL = 0;
				GCC_PREPROCESSOR_DEFINITIONS = (
					"DEBUG=1",
					"$(inherited)",
				);
				GCC_WARN_64_TO_32_BIT_CONVERSION = YES;
				GCC_WARN_ABOUT_RETURN_TYPE = YES_ERROR;
				GCC_WARN_UNDECLARED_SELECTOR = YES;
				GCC_WARN_UNINITIALIZED_AUTOS = YES_AGGRESSIVE;
				GCC_WARN_UNUSED_FUNCTION = YES;
				GCC_WARN_UNUSED_VARIABLE = YES;
				IPHONEOS_DEPLOYMENT_TARGET = 15.5;
				MTL_ENABLE_DEBUG_INFO = INCLUDE_SOURCE;
				MTL_FAST_MATH = YES;
				ONLY_ACTIVE_ARCH = YES;
				SDKROOT = iphoneos;
				SWIFT_ACTIVE_COMPILATION_CONDITIONS = DEBUG;
				SWIFT_OPTIMIZATION_LEVEL = "-Onone";
			};
			name = Debug;
		};
		7D14AAF529756687004B9ED4 /* Release */ = {
			isa = XCBuildConfiguration;
			buildSettings = {
				ALWAYS_SEARCH_USER_PATHS = NO;
				CLANG_ANALYZER_NONNULL = YES;
				CLANG_ANALYZER_NUMBER_OBJECT_CONVERSION = YES_AGGRESSIVE;
				CLANG_CXX_LANGUAGE_STANDARD = "gnu++17";
				CLANG_ENABLE_MODULES = YES;
				CLANG_ENABLE_OBJC_ARC = YES;
				CLANG_ENABLE_OBJC_WEAK = YES;
				CLANG_WARN_BLOCK_CAPTURE_AUTORELEASING = YES;
				CLANG_WARN_BOOL_CONVERSION = YES;
				CLANG_WARN_COMMA = YES;
				CLANG_WARN_CONSTANT_CONVERSION = YES;
				CLANG_WARN_DEPRECATED_OBJC_IMPLEMENTATIONS = YES;
				CLANG_WARN_DIRECT_OBJC_ISA_USAGE = YES_ERROR;
				CLANG_WARN_DOCUMENTATION_COMMENTS = YES;
				CLANG_WARN_EMPTY_BODY = YES;
				CLANG_WARN_ENUM_CONVERSION = YES;
				CLANG_WARN_INFINITE_RECURSION = YES;
				CLANG_WARN_INT_CONVERSION = YES;
				CLANG_WARN_NON_LITERAL_NULL_CONVERSION = YES;
				CLANG_WARN_OBJC_IMPLICIT_RETAIN_SELF = YES;
				CLANG_WARN_OBJC_LITERAL_CONVERSION = YES;
				CLANG_WARN_OBJC_ROOT_CLASS = YES_ERROR;
				CLANG_WARN_QUOTED_INCLUDE_IN_FRAMEWORK_HEADER = YES;
				CLANG_WARN_RANGE_LOOP_ANALYSIS = YES;
				CLANG_WARN_STRICT_PROTOTYPES = YES;
				CLANG_WARN_SUSPICIOUS_MOVE = YES;
				CLANG_WARN_UNGUARDED_AVAILABILITY = YES_AGGRESSIVE;
				CLANG_WARN_UNREACHABLE_CODE = YES;
				CLANG_WARN__DUPLICATE_METHOD_MATCH = YES;
				COPY_PHASE_STRIP = NO;
				DEBUG_INFORMATION_FORMAT = "dwarf-with-dsym";
				ENABLE_NS_ASSERTIONS = NO;
				ENABLE_STRICT_OBJC_MSGSEND = YES;
				GCC_C_LANGUAGE_STANDARD = gnu11;
				GCC_NO_COMMON_BLOCKS = YES;
				GCC_WARN_64_TO_32_BIT_CONVERSION = YES;
				GCC_WARN_ABOUT_RETURN_TYPE = YES_ERROR;
				GCC_WARN_UNDECLARED_SELECTOR = YES;
				GCC_WARN_UNINITIALIZED_AUTOS = YES_AGGRESSIVE;
				GCC_WARN_UNUSED_FUNCTION = YES;
				GCC_WARN_UNUSED_VARIABLE = YES;
				IPHONEOS_DEPLOYMENT_TARGET = 15.5;
				MTL_ENABLE_DEBUG_INFO = NO;
				MTL_FAST_MATH = YES;
				SDKROOT = iphoneos;
				SWIFT_COMPILATION_MODE = wholemodule;
				SWIFT_OPTIMIZATION_LEVEL = "-O";
				VALIDATE_PRODUCT = YES;
			};
			name = Release;
		};
		7D14AAF729756687004B9ED4 /* Debug */ = {
			isa = XCBuildConfiguration;
			baseConfigurationReference = A483ACF76C4D2F97F06BC8AD /* Pods-NavigationBarBasic.debug.xcconfig */;
			buildSettings = {
				ASSETCATALOG_COMPILER_APPICON_NAME = AppIcon;
				ASSETCATALOG_COMPILER_GLOBAL_ACCENT_COLOR_NAME = AccentColor;
				CODE_SIGN_STYLE = Automatic;
				CURRENT_PROJECT_VERSION = 1;
				DEVELOPMENT_TEAM = ASM49GKW7Z;
				GENERATE_INFOPLIST_FILE = YES;
				INFOPLIST_FILE = NavigationBarBasic/Info.plist;
				INFOPLIST_KEY_UIApplicationSupportsIndirectInputEvents = YES;
				INFOPLIST_KEY_UILaunchStoryboardName = LaunchScreen;
				INFOPLIST_KEY_UIMainStoryboardFile = Main;
				INFOPLIST_KEY_UISupportedInterfaceOrientations_iPad = "UIInterfaceOrientationPortrait UIInterfaceOrientationPortraitUpsideDown UIInterfaceOrientationLandscapeLeft UIInterfaceOrientationLandscapeRight";
				INFOPLIST_KEY_UISupportedInterfaceOrientations_iPhone = "UIInterfaceOrientationPortrait UIInterfaceOrientationLandscapeLeft UIInterfaceOrientationLandscapeRight";
				LD_RUNPATH_SEARCH_PATHS = (
					"$(inherited)",
					"@executable_path/Frameworks",
				);
				MARKETING_VERSION = 1.0;
				PRODUCT_BUNDLE_IDENTIFIER = com.ju.NavigationBarBasic;
				PRODUCT_NAME = "$(TARGET_NAME)";
				SWIFT_EMIT_LOC_STRINGS = YES;
				SWIFT_VERSION = 5.0;
				TARGETED_DEVICE_FAMILY = "1,2";
			};
			name = Debug;
		};
		7D14AAF829756687004B9ED4 /* Release */ = {
			isa = XCBuildConfiguration;
			baseConfigurationReference = 28B84DDBBDDB97610C051F6A /* Pods-NavigationBarBasic.release.xcconfig */;
			buildSettings = {
				ASSETCATALOG_COMPILER_APPICON_NAME = AppIcon;
				ASSETCATALOG_COMPILER_GLOBAL_ACCENT_COLOR_NAME = AccentColor;
				CODE_SIGN_STYLE = Automatic;
				CURRENT_PROJECT_VERSION = 1;
				DEVELOPMENT_TEAM = ASM49GKW7Z;
				GENERATE_INFOPLIST_FILE = YES;
				INFOPLIST_FILE = NavigationBarBasic/Info.plist;
				INFOPLIST_KEY_UIApplicationSupportsIndirectInputEvents = YES;
				INFOPLIST_KEY_UILaunchStoryboardName = LaunchScreen;
				INFOPLIST_KEY_UIMainStoryboardFile = Main;
				INFOPLIST_KEY_UISupportedInterfaceOrientations_iPad = "UIInterfaceOrientationPortrait UIInterfaceOrientationPortraitUpsideDown UIInterfaceOrientationLandscapeLeft UIInterfaceOrientationLandscapeRight";
				INFOPLIST_KEY_UISupportedInterfaceOrientations_iPhone = "UIInterfaceOrientationPortrait UIInterfaceOrientationLandscapeLeft UIInterfaceOrientationLandscapeRight";
				LD_RUNPATH_SEARCH_PATHS = (
					"$(inherited)",
					"@executable_path/Frameworks",
				);
				MARKETING_VERSION = 1.0;
				PRODUCT_BUNDLE_IDENTIFIER = com.ju.NavigationBarBasic;
				PRODUCT_NAME = "$(TARGET_NAME)";
				SWIFT_EMIT_LOC_STRINGS = YES;
				SWIFT_VERSION = 5.0;
				TARGETED_DEVICE_FAMILY = "1,2";
			};
			name = Release;
		};
/* End XCBuildConfiguration section */

/* Begin XCConfigurationList section */
		7D14AADD29756686004B9ED4 /* Build configuration list for PBXProject "NavigationBarBasic" */ = {
			isa = XCConfigurationList;
			buildConfigurations = (
				7D14AAF429756687004B9ED4 /* Debug */,
				7D14AAF529756687004B9ED4 /* Release */,
			);
			defaultConfigurationIsVisible = 0;
			defaultConfigurationName = Release;
		};
		7D14AAF629756687004B9ED4 /* Build configuration list for PBXNativeTarget "NavigationBarBasic" */ = {
			isa = XCConfigurationList;
			buildConfigurations = (
				7D14AAF729756687004B9ED4 /* Debug */,
				7D14AAF829756687004B9ED4 /* Release */,
			);
			defaultConfigurationIsVisible = 0;
			defaultConfigurationName = Release;
		};
/* End XCConfigurationList section */
	};
	rootObject = 7D14AADA29756686004B9ED4 /* Project object */;
}
