// !$*UTF8*$!
{
	archiveVersion = 1;
	classes = {
	};
	objectVersion = 55;
	objects = {

/* Begin PBXBuildFile section */
		628BD6C05CBD6B69C17D2392 /* Pods_ScreenChangeExample.framework in Frameworks */ = {isa = PBXBuildFile; fileRef = C82E158337031A51CF135637 /* Pods_ScreenChangeExample.framework */; };
		7D14AAD4297558F1004B9ED4 /* ThirdViewController.swift in Sources */ = {isa = PBXBuildFile; fileRef = 7D14AAD3297558F1004B9ED4 /* ThirdViewController.swift */; };
		7D14AAD629756222004B9ED4 /* SecondViewcontroller.swift in Sources */ = {isa = PBXBuildFile; fileRef = 7D14AAD529756222004B9ED4 /* SecondViewcontroller.swift */; };
		7D14AAD829756483004B9ED4 /* IntroViewcontroller.swift in Sources */ = {isa = PBXBuildFile; fileRef = 7D14AAD729756483004B9ED4 /* IntroViewcontroller.swift */; };
		7D6D57412967EDA700206576 /* AppDelegate.swift in Sources */ = {isa = PBXBuildFile; fileRef = 7D6D57402967EDA700206576 /* AppDelegate.swift */; };
		7D6D57432967EDA700206576 /* SceneDelegate.swift in Sources */ = {isa = PBXBuildFile; fileRef = 7D6D57422967EDA700206576 /* SceneDelegate.swift */; };
		7D6D57452967EDA700206576 /* ViewController.swift in Sources */ = {isa = PBXBuildFile; fileRef = 7D6D57442967EDA700206576 /* ViewController.swift */; };
		7D6D57482967EDA700206576 /* Main.storyboard in Resources */ = {isa = PBXBuildFile; fileRef = 7D6D57462967EDA700206576 /* Main.storyboard */; };
		7D6D574A2967EDA800206576 /* Assets.xcassets in Resources */ = {isa = PBXBuildFile; fileRef = 7D6D57492967EDA800206576 /* Assets.xcassets */; };
		7D6D574D2967EDA800206576 /* LaunchScreen.storyboard in Resources */ = {isa = PBXBuildFile; fileRef = 7D6D574B2967EDA800206576 /* LaunchScreen.storyboard */; };
/* End PBXBuildFile section */

/* Begin PBXFileReference section */
		564F4197CF796DE3C64945CA /* Pods-ScreenChangeExample.debug.xcconfig */ = {isa = PBXFileReference; includeInIndex = 1; lastKnownFileType = text.xcconfig; name = "Pods-ScreenChangeExample.debug.xcconfig"; path = "Target Support Files/Pods-ScreenChangeExample/Pods-ScreenChangeExample.debug.xcconfig"; sourceTree = "<group>"; };
		7D14AAD3297558F1004B9ED4 /* ThirdViewController.swift */ = {isa = PBXFileReference; lastKnownFileType = sourcecode.swift; path = ThirdViewController.swift; sourceTree = "<group>"; };
		7D14AAD529756222004B9ED4 /* SecondViewcontroller.swift */ = {isa = PBXFileReference; lastKnownFileType = sourcecode.swift; path = SecondViewcontroller.swift; sourceTree = "<group>"; };
		7D14AAD729756483004B9ED4 /* IntroViewcontroller.swift */ = {isa = PBXFileReference; lastKnownFileType = sourcecode.swift; path = IntroViewcontroller.swift; sourceTree = "<group>"; };
		7D6D573D2967EDA700206576 /* ScreenChangeExample.app */ = {isa = PBXFileReference; explicitFileType = wrapper.application; includeInIndex = 0; path = ScreenChangeExample.app; sourceTree = BUILT_PRODUCTS_DIR; };
		7D6D57402967EDA700206576 /* AppDelegate.swift */ = {isa = PBXFileReference; lastKnownFileType = sourcecode.swift; path = AppDelegate.swift; sourceTree = "<group>"; };
		7D6D57422967EDA700206576 /* SceneDelegate.swift */ = {isa = PBXFileReference; lastKnownFileType = sourcecode.swift; path = SceneDelegate.swift; sourceTree = "<group>"; };
		7D6D57442967EDA700206576 /* ViewController.swift */ = {isa = PBXFileReference; lastKnownFileType = sourcecode.swift; path = ViewController.swift; sourceTree = "<group>"; };
		7D6D57472967EDA700206576 /* Base */ = {isa = PBXFileReference; lastKnownFileType = file.storyboard; name = Base; path = Base.lproj/Main.storyboard; sourceTree = "<group>"; };
		7D6D57492967EDA800206576 /* Assets.xcassets */ = {isa = PBXFileReference; lastKnownFileType = folder.assetcatalog; path = Assets.xcassets; sourceTree = "<group>"; };
		7D6D574C2967EDA800206576 /* Base */ = {isa = PBXFileReference; lastKnownFileType = file.storyboard; name = Base; path = Base.lproj/LaunchScreen.storyboard; sourceTree = "<group>"; };
		7D6D574E2967EDA800206576 /* Info.plist */ = {isa = PBXFileReference; lastKnownFileType = text.plist.xml; path = Info.plist; sourceTree = "<group>"; };
		C82E158337031A51CF135637 /* Pods_ScreenChangeExample.framework */ = {isa = PBXFileReference; explicitFileType = wrapper.framework; includeInIndex = 0; path = Pods_ScreenChangeExample.framework; sourceTree = BUILT_PRODUCTS_DIR; };
		D4CAF77990D161D2FF19C4EF /* Pods-ScreenChangeExample.release.xcconfig */ = {isa = PBXFileReference; includeInIndex = 1; lastKnownFileType = text.xcconfig; name = "Pods-ScreenChangeExample.release.xcconfig"; path = "Target Support Files/Pods-ScreenChangeExample/Pods-ScreenChangeExample.release.xcconfig"; sourceTree = "<group>"; };
/* End PBXFileReference section */

/* Begin PBXFrameworksBuildPhase section */
		7D6D573A2967EDA700206576 /* Frameworks */ = {
			isa = PBXFrameworksBuildPhase;
			buildActionMask = 2147483647;
			files = (
				628BD6C05CBD6B69C17D2392 /* Pods_ScreenChangeExample.framework in Frameworks */,
			);
			runOnlyForDeploymentPostprocessing = 0;
		};
/* End PBXFrameworksBuildPhase section */

/* Begin PBXGroup section */
		2CF4D5BA5207E97337A9AD2B /* Pods */ = {
			isa = PBXGroup;
			children = (
				564F4197CF796DE3C64945CA /* Pods-ScreenChangeExample.debug.xcconfig */,
				D4CAF77990D161D2FF19C4EF /* Pods-ScreenChangeExample.release.xcconfig */,
			);
			path = Pods;
			sourceTree = "<group>";
		};
		765383FAFECFEB423E949361 /* Frameworks */ = {
			isa = PBXGroup;
			children = (
				C82E158337031A51CF135637 /* Pods_ScreenChangeExample.framework */,
			);
			name = Frameworks;
			sourceTree = "<group>";
		};
		7D14AAD2297558C1004B9ED4 /* ViewControllers */ = {
			isa = PBXGroup;
			children = (
				7D6D57442967EDA700206576 /* ViewController.swift */,
				7D14AAD3297558F1004B9ED4 /* ThirdViewController.swift */,
				7D14AAD529756222004B9ED4 /* SecondViewcontroller.swift */,
				7D14AAD729756483004B9ED4 /* IntroViewcontroller.swift */,
			);
			path = ViewControllers;
			sourceTree = "<group>";
		};
		7D6D57342967EDA700206576 = {
			isa = PBXGroup;
			children = (
				7D6D573F2967EDA700206576 /* ScreenChangeExample */,
				7D6D573E2967EDA700206576 /* Products */,
				2CF4D5BA5207E97337A9AD2B /* Pods */,
				765383FAFECFEB423E949361 /* Frameworks */,
			);
			sourceTree = "<group>";
		};
		7D6D573E2967EDA700206576 /* Products */ = {
			isa = PBXGroup;
			children = (
				7D6D573D2967EDA700206576 /* ScreenChangeExample.app */,
			);
			name = Products;
			sourceTree = "<group>";
		};
		7D6D573F2967EDA700206576 /* ScreenChangeExample */ = {
			isa = PBXGroup;
			children = (
				7D14AAD2297558C1004B9ED4 /* ViewControllers */,
				7D6D57402967EDA700206576 /* AppDelegate.swift */,
				7D6D57422967EDA700206576 /* SceneDelegate.swift */,
				7D6D57462967EDA700206576 /* Main.storyboard */,
				7D6D57492967EDA800206576 /* Assets.xcassets */,
				7D6D574B2967EDA800206576 /* LaunchScreen.storyboard */,
				7D6D574E2967EDA800206576 /* Info.plist */,
			);
			path = ScreenChangeExample;
			sourceTree = "<group>";
		};
/* End PBXGroup section */

/* Begin PBXNativeTarget section */
		7D6D573C2967EDA700206576 /* ScreenChangeExample */ = {
			isa = PBXNativeTarget;
			buildConfigurationList = 7D6D57512967EDA800206576 /* Build configuration list for PBXNativeTarget "ScreenChangeExample" */;
			buildPhases = (
				70913D4314F7B7E7D568D0E8 /* [CP] Check Pods Manifest.lock */,
				7D6D57392967EDA700206576 /* Sources */,
				7D6D573A2967EDA700206576 /* Frameworks */,
				7D6D573B2967EDA700206576 /* Resources */,
			);
			buildRules = (
			);
			dependencies = (
			);
			name = ScreenChangeExample;
			productName = ScreenChangeExample;
			productReference = 7D6D573D2967EDA700206576 /* ScreenChangeExample.app */;
			productType = "com.apple.product-type.application";
		};
/* End PBXNativeTarget section */

/* Begin PBXProject section */
		7D6D57352967EDA700206576 /* Project object */ = {
			isa = PBXProject;
			attributes = {
				BuildIndependentTargetsInParallel = 1;
				LastSwiftUpdateCheck = 1340;
				LastUpgradeCheck = 1340;
				TargetAttributes = {
					7D6D573C2967EDA700206576 = {
						CreatedOnToolsVersion = 13.4.1;
					};
				};
			};
			buildConfigurationList = 7D6D57382967EDA700206576 /* Build configuration list for PBXProject "ScreenChangeExample" */;
			compatibilityVersion = "Xcode 13.0";
			developmentRegion = en;
			hasScannedForEncodings = 0;
			knownRegions = (
				en,
				Base,
			);
			mainGroup = 7D6D57342967EDA700206576;
			productRefGroup = 7D6D573E2967EDA700206576 /* Products */;
			projectDirPath = "";
			projectRoot = "";
			targets = (
				7D6D573C2967EDA700206576 /* ScreenChangeExample */,
			);
		};
/* End PBXProject section */

/* Begin PBXResourcesBuildPhase section */
		7D6D573B2967EDA700206576 /* Resources */ = {
			isa = PBXResourcesBuildPhase;
			buildActionMask = 2147483647;
			files = (
				7D6D574D2967EDA800206576 /* LaunchScreen.storyboard in Resources */,
				7D6D574A2967EDA800206576 /* Assets.xcassets in Resources */,
				7D6D57482967EDA700206576 /* Main.storyboard in Resources */,
			);
			runOnlyForDeploymentPostprocessing = 0;
		};
/* End PBXResourcesBuildPhase section */

/* Begin PBXShellScriptBuildPhase section */
		70913D4314F7B7E7D568D0E8 /* [CP] Check Pods Manifest.lock */ = {
			isa = PBXShellScriptBuildPhase;
			buildActionMask = 2147483647;
			files = (
			);
			inputFileListPaths = (
			);
			inputPaths = (
				"${PODS_PODFILE_DIR_PATH}/Podfile.lock",
				"${PODS_ROOT}/Manifest.lock",
			);
			name = "[CP] Check Pods Manifest.lock";
			outputFileListPaths = (
			);
			outputPaths = (
				"$(DERIVED_FILE_DIR)/Pods-ScreenChangeExample-checkManifestLockResult.txt",
			);
			runOnlyForDeploymentPostprocessing = 0;
			shellPath = /bin/sh;
			shellScript = "diff \"${PODS_PODFILE_DIR_PATH}/Podfile.lock\" \"${PODS_ROOT}/Manifest.lock\" > /dev/null\nif [ $? != 0 ] ; then\n    # print error to STDERR\n    echo \"error: The sandbox is not in sync with the Podfile.lock. Run 'pod install' or update your CocoaPods installation.\" >&2\n    exit 1\nfi\n# This output is used by Xcode 'outputs' to avoid re-running this script phase.\necho \"SUCCESS\" > \"${SCRIPT_OUTPUT_FILE_0}\"\n";
			showEnvVarsInLog = 0;
		};
/* End PBXShellScriptBuildPhase section */

/* Begin PBXSourcesBuildPhase section */
		7D6D57392967EDA700206576 /* Sources */ = {
			isa = PBXSourcesBuildPhase;
			buildActionMask = 2147483647;
			files = (
				7D6D57452967EDA700206576 /* ViewController.swift in Sources */,
				7D14AAD629756222004B9ED4 /* SecondViewcontroller.swift in Sources */,
				7D6D57412967EDA700206576 /* AppDelegate.swift in Sources */,
				7D14AAD4297558F1004B9ED4 /* ThirdViewController.swift in Sources */,
				7D6D57432967EDA700206576 /* SceneDelegate.swift in Sources */,
				7D14AAD829756483004B9ED4 /* IntroViewcontroller.swift in Sources */,
			);
			runOnlyForDeploymentPostprocessing = 0;
		};
/* End PBXSourcesBuildPhase section */

/* Begin PBXVariantGroup section */
		7D6D57462967EDA700206576 /* Main.storyboard */ = {
			isa = PBXVariantGroup;
			children = (
				7D6D57472967EDA700206576 /* Base */,
			);
			name = Main.storyboard;
			sourceTree = "<group>";
		};
		7D6D574B2967EDA800206576 /* LaunchScreen.storyboard */ = {
			isa = PBXVariantGroup;
			children = (
				7D6D574C2967EDA800206576 /* Base */,
			);
			name = LaunchScreen.storyboard;
			sourceTree = "<group>";
		};
/* End PBXVariantGroup section */

/* Begin XCBuildConfiguration section */
		7D6D574F2967EDA800206576 /* Debug */ = {
			isa = XCBuildConfiguration;
			buildSettings = {
				ALWAYS_SEARCH_USER_PATHS = NO;
				CLANG_ANALYZER_NONNULL = YES;
				CLANG_ANALYZER_NUMBER_OBJECT_CONVERSION = YES_AGGRESSIVE;
				CLANG_CXX_LANGUAGE_STANDARD = "gnu++17";
				CLANG_ENABLE_MODULES = YES;
				CLANG_ENABLE_OBJC_ARC = YES;
				CLANG_ENABLE_OBJC_WEAK = YES;
				CLANG_WARN_BLOCK_CAPTURE_AUTORELEASING = YES;
				CLANG_WARN_BOOL_CONVERSION = YES;
				CLANG_WARN_COMMA = YES;
				CLANG_WARN_CONSTANT_CONVERSION = YES;
				CLANG_WARN_DEPRECATED_OBJC_IMPLEMENTATIONS = YES;
				CLANG_WARN_DIRECT_OBJC_ISA_USAGE = YES_ERROR;
				CLANG_WARN_DOCUMENTATION_COMMENTS = YES;
				CLANG_WARN_EMPTY_BODY = YES;
				CLANG_WARN_ENUM_CONVERSION = YES;
				CLANG_WARN_INFINITE_RECURSION = YES;
				CLANG_WARN_INT_CONVERSION = YES;
				CLANG_WARN_NON_LITERAL_NULL_CONVERSION = YES;
				CLANG_WARN_OBJC_IMPLICIT_RETAIN_SELF = YES;
				CLANG_WARN_OBJC_LITERAL_CONVERSION = YES;
				CLANG_WARN_OBJC_ROOT_CLASS = YES_ERROR;
				CLANG_WARN_QUOTED_INCLUDE_IN_FRAMEWORK_HEADER = YES;
				CLANG_WARN_RANGE_LOOP_ANALYSIS = YES;
				CLANG_WARN_STRICT_PROTOTYPES = YES;
				CLANG_WARN_SUSPICIOUS_MOVE = YES;
				CLANG_WARN_UNGUARDED_AVAILABILITY = YES_AGGRESSIVE;
				CLANG_WARN_UNREACHABLE_CODE = YES;
				CLANG_WARN__DUPLICATE_METHOD_MATCH = YES;
				COPY_PHASE_STRIP = NO;
				DEBUG_INFORMATION_FORMAT = dwarf;
				ENABLE_STRICT_OBJC_MSGSEND = YES;
				ENABLE_TESTABILITY = YES;
				GCC_C_LANGUAGE_STANDARD = gnu11;
				GCC_DYNAMIC_NO_PIC = NO;
				GCC_NO_COMMON_BLOCKS = YES;
				GCC_OPTIMIZATION_LEVEL = 0;
				GCC_PREPROCESSOR_DEFINITIONS = (
					"DEBUG=1",
					"$(inherited)",
				);
				GCC_WARN_64_TO_32_BIT_CONVERSION = YES;
				GCC_WARN_ABOUT_RETURN_TYPE = YES_ERROR;
				GCC_WARN_UNDECLARED_SELECTOR = YES;
				GCC_WARN_UNINITIALIZED_AUTOS = YES_AGGRESSIVE;
				GCC_WARN_UNUSED_FUNCTION = YES;
				GCC_WARN_UNUSED_VARIABLE = YES;
				IPHONEOS_DEPLOYMENT_TARGET = 15.5;
				MTL_ENABLE_DEBUG_INFO = INCLUDE_SOURCE;
				MTL_FAST_MATH = YES;
				ONLY_ACTIVE_ARCH = YES;
				SDKROOT = iphoneos;
				SWIFT_ACTIVE_COMPILATION_CONDITIONS = DEBUG;
				SWIFT_OPTIMIZATION_LEVEL = "-Onone";
			};
			name = Debug;
		};
		7D6D57502967EDA800206576 /* Release */ = {
			isa = XCBuildConfiguration;
			buildSettings = {
				ALWAYS_SEARCH_USER_PATHS = NO;
				CLANG_ANALYZER_NONNULL = YES;
				CLANG_ANALYZER_NUMBER_OBJECT_CONVERSION = YES_AGGRESSIVE;
				CLANG_CXX_LANGUAGE_STANDARD = "gnu++17";
				CLANG_ENABLE_MODULES = YES;
				CLANG_ENABLE_OBJC_ARC = YES;
				CLANG_ENABLE_OBJC_WEAK = YES;
				CLANG_WARN_BLOCK_CAPTURE_AUTORELEASING = YES;
				CLANG_WARN_BOOL_CONVERSION = YES;
				CLANG_WARN_COMMA = YES;
				CLANG_WARN_CONSTANT_CONVERSION = YES;
				CLANG_WARN_DEPRECATED_OBJC_IMPLEMENTATIONS = YES;
				CLANG_WARN_DIRECT_OBJC_ISA_USAGE = YES_ERROR;
				CLANG_WARN_DOCUMENTATION_COMMENTS = YES;
				CLANG_WARN_EMPTY_BODY = YES;
				CLANG_WARN_ENUM_CONVERSION = YES;
				CLANG_WARN_INFINITE_RECURSION = YES;
				CLANG_WARN_INT_CONVERSION = YES;
				CLANG_WARN_NON_LITERAL_NULL_CONVERSION = YES;
				CLANG_WARN_OBJC_IMPLICIT_RETAIN_SELF = YES;
				CLANG_WARN_OBJC_LITERAL_CONVERSION = YES;
				CLANG_WARN_OBJC_ROOT_CLASS = YES_ERROR;
				CLANG_WARN_QUOTED_INCLUDE_IN_FRAMEWORK_HEADER = YES;
				CLANG_WARN_RANGE_LOOP_ANALYSIS = YES;
				CLANG_WARN_STRICT_PROTOTYPES = YES;
				CLANG_WARN_SUSPICIOUS_MOVE = YES;
				CLANG_WARN_UNGUARDED_AVAILABILITY = YES_AGGRESSIVE;
				CLANG_WARN_UNREACHABLE_CODE = YES;
				CLANG_WARN__DUPLICATE_METHOD_MATCH = YES;
				COPY_PHASE_STRIP = NO;
				DEBUG_INFORMATION_FORMAT = "dwarf-with-dsym";
				ENABLE_NS_ASSERTIONS = NO;
				ENABLE_STRICT_OBJC_MSGSEND = YES;
				GCC_C_LANGUAGE_STANDARD = gnu11;
				GCC_NO_COMMON_BLOCKS = YES;
				GCC_WARN_64_TO_32_BIT_CONVERSION = YES;
				GCC_WARN_ABOUT_RETURN_TYPE = YES_ERROR;
				GCC_WARN_UNDECLARED_SELECTOR = YES;
				GCC_WARN_UNINITIALIZED_AUTOS = YES_AGGRESSIVE;
				GCC_WARN_UNUSED_FUNCTION = YES;
				GCC_WARN_UNUSED_VARIABLE = YES;
				IPHONEOS_DEPLOYMENT_TARGET = 15.5;
				MTL_ENABLE_DEBUG_INFO = NO;
				MTL_FAST_MATH = YES;
				SDKROOT = iphoneos;
				SWIFT_COMPILATION_MODE = wholemodule;
				SWIFT_OPTIMIZATION_LEVEL = "-O";
				VALIDATE_PRODUCT = YES;
			};
			name = Release;
		};
		7D6D57522967EDA800206576 /* Debug */ = {
			isa = XCBuildConfiguration;
			baseConfigurationReference = 564F4197CF796DE3C64945CA /* Pods-ScreenChangeExample.debug.xcconfig */;
			buildSettings = {
				ASSETCATALOG_COMPILER_APPICON_NAME = AppIcon;
				ASSETCATALOG_COMPILER_GLOBAL_ACCENT_COLOR_NAME = AccentColor;
				CODE_SIGN_STYLE = Automatic;
				CURRENT_PROJECT_VERSION = 1;
				DEVELOPMENT_TEAM = ASM49GKW7Z;
				GENERATE_INFOPLIST_FILE = YES;
				INFOPLIST_FILE = ScreenChangeExample/Info.plist;
				INFOPLIST_KEY_UIApplicationSupportsIndirectInputEvents = YES;
				INFOPLIST_KEY_UILaunchStoryboardName = LaunchScreen;
				INFOPLIST_KEY_UIMainStoryboardFile = Main;
				INFOPLIST_KEY_UISupportedInterfaceOrientations_iPad = "UIInterfaceOrientationPortrait UIInterfaceOrientationPortraitUpsideDown UIInterfaceOrientationLandscapeLeft UIInterfaceOrientationLandscapeRight";
				INFOPLIST_KEY_UISupportedInterfaceOrientations_iPhone = "UIInterfaceOrientationPortrait UIInterfaceOrientationLandscapeLeft UIInterfaceOrientationLandscapeRight";
				LD_RUNPATH_SEARCH_PATHS = (
					"$(inherited)",
					"@executable_path/Frameworks",
				);
				MARKETING_VERSION = 1.0;
				PRODUCT_BUNDLE_IDENTIFIER = com.ju.ScreenChangeExample;
				PRODUCT_NAME = "$(TARGET_NAME)";
				SWIFT_EMIT_LOC_STRINGS = YES;
				SWIFT_VERSION = 5.0;
				TARGETED_DEVICE_FAMILY = "1,2";
			};
			name = Debug;
		};
		7D6D57532967EDA800206576 /* Release */ = {
			isa = XCBuildConfiguration;
			baseConfigurationReference = D4CAF77990D161D2FF19C4EF /* Pods-ScreenChangeExample.release.xcconfig */;
			buildSettings = {
				ASSETCATALOG_COMPILER_APPICON_NAME = AppIcon;
				ASSETCATALOG_COMPILER_GLOBAL_ACCENT_COLOR_NAME = AccentColor;
				CODE_SIGN_STYLE = Automatic;
				CURRENT_PROJECT_VERSION = 1;
				DEVELOPMENT_TEAM = ASM49GKW7Z;
				GENERATE_INFOPLIST_FILE = YES;
				INFOPLIST_FILE = ScreenChangeExample/Info.plist;
				INFOPLIST_KEY_UIApplicationSupportsIndirectInputEvents = YES;
				INFOPLIST_KEY_UILaunchStoryboardName = LaunchScreen;
				INFOPLIST_KEY_UIMainStoryboardFile = Main;
				INFOPLIST_KEY_UISupportedInterfaceOrientations_iPad = "UIInterfaceOrientationPortrait UIInterfaceOrientationPortraitUpsideDown UIInterfaceOrientationLandscapeLeft UIInterfaceOrientationLandscapeRight";
				INFOPLIST_KEY_UISupportedInterfaceOrientations_iPhone = "UIInterfaceOrientationPortrait UIInterfaceOrientationLandscapeLeft UIInterfaceOrientationLandscapeRight";
				LD_RUNPATH_SEARCH_PATHS = (
					"$(inherited)",
					"@executable_path/Frameworks",
				);
				MARKETING_VERSION = 1.0;
				PRODUCT_BUNDLE_IDENTIFIER = com.ju.ScreenChangeExample;
				PRODUCT_NAME = "$(TARGET_NAME)";
				SWIFT_EMIT_LOC_STRINGS = YES;
				SWIFT_VERSION = 5.0;
				TARGETED_DEVICE_FAMILY = "1,2";
			};
			name = Release;
		};
/* End XCBuildConfiguration section */

/* Begin XCConfigurationList section */
		7D6D57382967EDA700206576 /* Build configuration list for PBXProject "ScreenChangeExample" */ = {
			isa = XCConfigurationList;
			buildConfigurations = (
				7D6D574F2967EDA800206576 /* Debug */,
				7D6D57502967EDA800206576 /* Release */,
			);
			defaultConfigurationIsVisible = 0;
			defaultConfigurationName = Release;
		};
		7D6D57512967EDA800206576 /* Build configuration list for PBXNativeTarget "ScreenChangeExample" */ = {
			isa = XCConfigurationList;
			buildConfigurations = (
				7D6D57522967EDA800206576 /* Debug */,
				7D6D57532967EDA800206576 /* Release */,
			);
			defaultConfigurationIsVisible = 0;
			defaultConfigurationName = Release;
		};
/* End XCConfigurationList section */
	};
	rootObject = 7D6D57352967EDA700206576 /* Project object */;
}
